
Microsoft Visual Studio Solution File, Format Version 11.00
# Visual Studio 2010
Project("{FAE04EC0-301F-11D3-BF4B-00C04F79EFBC}") = "SerialEcho", "SerialEcho\SerialEcho.csproj", "{14D00F41-E42C-4FFD-AD23-608D6D1644DE}"
EndProject
Global
	GlobalSection(SolutionConfigurationPlatforms) = preSolution
		Debug|Any CPU = Debug|Any CPU
		Release|Any CPU = Release|Any CPU
	EndGlobalSection
	GlobalSection(ProjectConfigurationPlatforms) = postSolution
		{14D00F41-E42C-4FFD-AD23-608D6D1644DE}.Debug|Any CPU.ActiveCfg = Debug|Any CPU
		{14D00F41-E42C-4FFD-AD23-608D6D1644DE}.Debug|Any CPU.Build.0 = Debug|Any CPU
		{14D00F41-E42C-4FFD-AD23-608D6D1644DE}.Release|Any CPU.ActiveCfg = Release|Any CPU
		{14D00F41-E42C-4FFD-AD23-608D6D1644DE}.Release|Any CPU.Build.0 = Release|Any CPU
	EndGlobalSection
	GlobalSection(SolutionProperties) = preSolution
		HideSolutionNode = FALSE
	EndGlobalSection
EndGlobal
