
Microsoft Visual Studio Solution File, Format Version 10.00
# Visual Studio 2008
Project("{FAE04EC0-301F-11D3-BF4B-00C04F79EFBC}") = "SerialChannel", "SerialChannel\SerialChannel.csproj", "{3B8C615E-16D8-4066-871F-11C98727500A}"
EndProject
Project("{FAE04EC0-301F-11D3-BF4B-00C04F79EFBC}") = "SerialServer", "SerialServer\SerialServer.csproj", "{01EF1B9F-CD02-41BA-B0B0-F4A734E68572}"
EndProject
Global
	GlobalSection(SolutionConfigurationPlatforms) = preSolution
		Debug|Any CPU = Debug|Any CPU
		Release|Any CPU = Release|Any CPU
	EndGlobalSection
	GlobalSection(ProjectConfigurationPlatforms) = postSolution
		{3B8C615E-16D8-4066-871F-11C98727500A}.Debug|Any CPU.ActiveCfg = Debug|Any CPU
		{3B8C615E-16D8-4066-871F-11C98727500A}.Debug|Any CPU.Build.0 = Debug|Any CPU
		{3B8C615E-16D8-4066-871F-11C98727500A}.Release|Any CPU.ActiveCfg = Release|Any CPU
		{3B8C615E-16D8-4066-871F-11C98727500A}.Release|Any CPU.Build.0 = Release|Any CPU
		{01EF1B9F-CD02-41BA-B0B0-F4A734E68572}.Debug|Any CPU.ActiveCfg = Debug|Any CPU
		{01EF1B9F-CD02-41BA-B0B0-F4A734E68572}.Debug|Any CPU.Build.0 = Debug|Any CPU
		{01EF1B9F-CD02-41BA-B0B0-F4A734E68572}.Release|Any CPU.ActiveCfg = Release|Any CPU
		{01EF1B9F-CD02-41BA-B0B0-F4A734E68572}.Release|Any CPU.Build.0 = Release|Any CPU
	EndGlobalSection
	GlobalSection(SolutionProperties) = preSolution
		HideSolutionNode = FALSE
	EndGlobalSection
EndGlobal
